
Microsoft Visual Studio Solution File, Format Version 12.00
# Visual Studio Version 17
VisualStudioVersion = 17.9.34728.123
MinimumVisualStudioVersion = 10.0.40219.1
Project("{FAE04EC0-301F-11D3-BF4B-00C04F79EFBC}") = "PokemonReviewApp", "PokemonReviewApp\PokemonReviewApp.csproj", "{D4B30334-9EEA-4E37-9CD1-ACF53E09A931}"
EndProject
Global
	GlobalSection(SolutionConfigurationPlatforms) = preSolution
		Debug|Any CPU = Debug|Any CPU
		Release|Any CPU = Release|Any CPU
	EndGlobalSection
	GlobalSection(ProjectConfigurationPlatforms) = postSolution
		{D4B30334-9EEA-4E37-9CD1-ACF53E09A931}.Debug|Any CPU.ActiveCfg = Debug|Any CPU
		{D4B30334-9EEA-4E37-9CD1-ACF53E09A931}.Debug|Any CPU.Build.0 = Debug|Any CPU
		{D4B30334-9EEA-4E37-9CD1-ACF53E09A931}.Release|Any CPU.ActiveCfg = Release|Any CPU
		{D4B30334-9EEA-4E37-9CD1-ACF53E09A931}.Release|Any CPU.Build.0 = Release|Any CPU
	EndGlobalSection
	GlobalSection(SolutionProperties) = preSolution
		HideSolutionNode = FALSE
	EndGlobalSection
	GlobalSection(ExtensibilityGlobals) = postSolution
		SolutionGuid = {60DF842A-A159-4863-8EE9-E3C52B951821}
	EndGlobalSection
EndGlobal
